# This file was autogenerated by Stack.
# You should not edit this file by hand.
# For more information, please see the documentation at:
#   https://docs.haskellstack.org/en/stable/lock_files

packages:
- completed:
    hackage: constraints-0.12@sha256:71c7999d7fa01d8941f08d37d4c107c6b1bcbd0306e234157557b9b096b7f1be,2217
    pantry-tree:
      size: 867
      sha256: 40bb55ad831b213078b79f54bb09c5a2200433dc2a495814444593fb00112834
  original:
    hackage: constraints-0.12@sha256:71c7999d7fa01d8941f08d37d4c107c6b1bcbd0306e234157557b9b096b7f1be,2217
- completed:
    hackage: type-equality-1@sha256:d36324583fbafc5698c3f898ccf7cf041cbf42435fc2559c28e8f77682739a8e,1517
    pantry-tree:
      size: 313
      sha256: a28a53db7adaaf0d9b39d2b678f3c6d5c8b08e42cb2b5d37156ce5e568c98707
  original:
    hackage: type-equality-1@sha256:d36324583fbafc5698c3f898ccf7cf041cbf42435fc2559c28e8f77682739a8e,1517
snapshots:
- completed:
    size: 524996
    url: https://raw.githubusercontent.com/commercialhaskell/stackage-snapshots/master/lts/14/27.yaml
    sha256: 7ea31a280c56bf36ff591a7397cc384d0dff622e7f9e4225b47d8980f019a0f0
  original: lts-14.27
